
Microsoft Visual Studio Solution File, Format Version 12.00
# Visual Studio Version 16
VisualStudioVersion = 16.0.31229.75
MinimumVisualStudioVersion = 10.0.40219.1
Project("{9A19103F-16F7-4668-BE54-9A1E7A4F7556}") = "CRUD", "CRUD\CRUD.csproj", "{54C5C83F-D8DF-4602-A588-59D2BBF6BD7E}"
EndProject
Project("{9A19103F-16F7-4668-BE54-9A1E7A4F7556}") = "CRUD.Api", "CRUD.Api\CRUD.Api.csproj", "{523F98DC-855B-450A-BFDF-29351DB884C2}"
EndProject
Project("{9A19103F-16F7-4668-BE54-9A1E7A4F7556}") = "CRUD.Models", "CRUD.Models\CRUD.Models.csproj", "{BA8AA8D2-F601-4565-81E6-55D93B9DD43F}"
EndProject
Project("{2150E333-8FDC-42A3-9474-1A3956D46DE8}") = "Solution Items", "Solution Items", "{F819AB85-B6E0-4862-B393-F9E36A580B1F}"
	ProjectSection(SolutionItems) = preProject
		.editorconfig = .editorconfig
	EndProjectSection
EndProject
Global
	GlobalSection(SolutionConfigurationPlatforms) = preSolution
		Debug|Any CPU = Debug|Any CPU
		Release|Any CPU = Release|Any CPU
	EndGlobalSection
	GlobalSection(ProjectConfigurationPlatforms) = postSolution
		{54C5C83F-D8DF-4602-A588-59D2BBF6BD7E}.Debug|Any CPU.ActiveCfg = Debug|Any CPU
		{54C5C83F-D8DF-4602-A588-59D2BBF6BD7E}.Debug|Any CPU.Build.0 = Debug|Any CPU
		{54C5C83F-D8DF-4602-A588-59D2BBF6BD7E}.Release|Any CPU.ActiveCfg = Release|Any CPU
		{54C5C83F-D8DF-4602-A588-59D2BBF6BD7E}.Release|Any CPU.Build.0 = Release|Any CPU
		{523F98DC-855B-450A-BFDF-29351DB884C2}.Debug|Any CPU.ActiveCfg = Debug|Any CPU
		{523F98DC-855B-450A-BFDF-29351DB884C2}.Debug|Any CPU.Build.0 = Debug|Any CPU
		{523F98DC-855B-450A-BFDF-29351DB884C2}.Release|Any CPU.ActiveCfg = Release|Any CPU
		{523F98DC-855B-450A-BFDF-29351DB884C2}.Release|Any CPU.Build.0 = Release|Any CPU
		{BA8AA8D2-F601-4565-81E6-55D93B9DD43F}.Debug|Any CPU.ActiveCfg = Debug|Any CPU
		{BA8AA8D2-F601-4565-81E6-55D93B9DD43F}.Debug|Any CPU.Build.0 = Debug|Any CPU
		{BA8AA8D2-F601-4565-81E6-55D93B9DD43F}.Release|Any CPU.ActiveCfg = Release|Any CPU
		{BA8AA8D2-F601-4565-81E6-55D93B9DD43F}.Release|Any CPU.Build.0 = Release|Any CPU
	EndGlobalSection
	GlobalSection(SolutionProperties) = preSolution
		HideSolutionNode = FALSE
	EndGlobalSection
	GlobalSection(ExtensibilityGlobals) = postSolution
		SolutionGuid = {31115801-6A7A-4D5A-8865-98B2B491BCCF}
	EndGlobalSection
EndGlobal
